{
  "name": "nodejs-cron-job-must-know",
  "version": "1.0.0",
  "lockfileVersion": 2,
  "requires": true,
  "packages": {
    "": {
      "name": "nodejs-cron-job-must-know",
      "version": "1.0.0",
      "license": "ISC",
      "dependencies": {
        "node-cron": "^1.2.1"
      }
    },
    "node_modules/node-cron": {
      "version": "1.2.1",
      "resolved": "https://registry.npmjs.org/node-cron/-/node-cron-1.2.1.tgz",
      "integrity": "sha512-lgci/ub6KWL6SUnKOIiMkhfjmUk3jvEuO/Ypa2/CGSXiC8z4x9EkwMx7Dcu7Dt4LktcfOl8/WcLT2x7gInBa7g=="
    }
  },
  "dependencies": {
    "node-cron": {
      "version": "1.2.1",
      "resolved": "https://registry.npmjs.org/node-cron/-/node-cron-1.2.1.tgz",
      "integrity": "sha512-lgci/ub6KWL6SUnKOIiMkhfjmUk3jvEuO/Ypa2/CGSXiC8z4x9EkwMx7Dcu7Dt4LktcfOl8/WcLT2x7gInBa7g=="
    }
  }
}
